// !$*UTF8*$!
{
	archiveVersion = 1;
	classes = {
	};
	objectVersion = 46;
	objects = {

/* Begin PBXBuildFile section */
		2C014BE4169F066C00D07196 /* NSString+URLEncoding.m in Sources */ = {isa = PBXBuildFile; fileRef = 2C014BE1169F066C00D07196 /* NSString+URLEncoding.m */; };
		2C014BE7169F116D00D07196 /* libsqlite3.0.dylib in Frameworks */ = {isa = PBXBuildFile; fileRef = 2C014BE6169F116D00D07196 /* libsqlite3.0.dylib */; };
		802CAE46169DC7F7008719F9 /* SampleCode.m in Sources */ = {isa = PBXBuildFile; fileRef = 802CAE45169DC7F7008719F9 /* SampleCode.m */; };
		802CAE5D169EC764008719F9 /* iPhoneIcon_Small_57.png in Resources */ = {isa = PBXBuildFile; fileRef = 802CAE5C169EC764008719F9 /* iPhoneIcon_Small_57.png */; };
		802CAE5F169EC769008719F9 /* iPhoneIcon_Big_114.png in Resources */ = {isa = PBXBuildFile; fileRef = 802CAE5E169EC769008719F9 /* iPhoneIcon_Big_114.png */; };
		802CAE6A169ECA92008719F9 /* CoreFoundation.framework in Frameworks */ = {isa = PBXBuildFile; fileRef = 802CAE69169ECA92008719F9 /* CoreFoundation.framework */; };
		802CAE7D169ED5EC008719F9 /* LQActivityManager.m in Sources */ = {isa = PBXBuildFile; fileRef = 802CAE78169ED5EC008719F9 /* LQActivityManager.m */; };
		802CAE7E169ED5EC008719F9 /* LQGeonoteManager.m in Sources */ = {isa = PBXBuildFile; fileRef = 802CAE7A169ED5EC008719F9 /* LQGeonoteManager.m */; };
		802CAE7F169ED5EC008719F9 /* LQLayerManager.m in Sources */ = {isa = PBXBuildFile; fileRef = 802CAE7C169ED5EC008719F9 /* LQLayerManager.m */; };
		80BE082C169C10AA00AC4A8F /* UIKit.framework in Frameworks */ = {isa = PBXBuildFile; fileRef = 80BE082B169C10AA00AC4A8F /* UIKit.framework */; };
		80BE082E169C10AA00AC4A8F /* Foundation.framework in Frameworks */ = {isa = PBXBuildFile; fileRef = 80BE082D169C10AA00AC4A8F /* Foundation.framework */; };
		80BE0830169C10AA00AC4A8F /* CoreGraphics.framework in Frameworks */ = {isa = PBXBuildFile; fileRef = 80BE082F169C10AA00AC4A8F /* CoreGraphics.framework */; };
		80BE0836169C10AA00AC4A8F /* InfoPlist.strings in Resources */ = {isa = PBXBuildFile; fileRef = 80BE0834169C10AA00AC4A8F /* InfoPlist.strings */; };
		80BE0838169C10AA00AC4A8F /* main.m in Sources */ = {isa = PBXBuildFile; fileRef = 80BE0837169C10AA00AC4A8F /* main.m */; };
		80BE083C169C10AA00AC4A8F /* AppDelegate.m in Sources */ = {isa = PBXBuildFile; fileRef = 80BE083B169C10AA00AC4A8F /* AppDelegate.m */; };
		80BE083E169C10AA00AC4A8F /* Default.png in Resources */ = {isa = PBXBuildFile; fileRef = 80BE083D169C10AA00AC4A8F /* Default.png */; };
		80BE0840169C10AA00AC4A8F /* Default@2x.png in Resources */ = {isa = PBXBuildFile; fileRef = 80BE083F169C10AA00AC4A8F /* Default@2x.png */; };
		80BE0842169C10AA00AC4A8F /* Default-568h@2x.png in Resources */ = {isa = PBXBuildFile; fileRef = 80BE0841169C10AA00AC4A8F /* Default-568h@2x.png */; };
		80BE0845169C10AA00AC4A8F /* ViewController.m in Sources */ = {isa = PBXBuildFile; fileRef = 80BE0844169C10AA00AC4A8F /* ViewController.m */; };
		80BE0848169C10AA00AC4A8F /* ViewController.xib in Resources */ = {isa = PBXBuildFile; fileRef = 80BE0846169C10AA00AC4A8F /* ViewController.xib */; };
		80BE085A169C146400AC4A8F /* GourmetPocket_splash.png in Resources */ = {isa = PBXBuildFile; fileRef = 80BE0859169C146400AC4A8F /* GourmetPocket_splash.png */; };
		80BE085C169C148400AC4A8F /* Default@2x.png in Resources */ = {isa = PBXBuildFile; fileRef = 80BE085B169C148400AC4A8F /* Default@2x.png */; };
		80BE085E169C149100AC4A8F /* Default.png in Resources */ = {isa = PBXBuildFile; fileRef = 80BE085D169C149100AC4A8F /* Default.png */; };
		80BE086E169C1DBB00AC4A8F /* JSONKit.m in Sources */ = {isa = PBXBuildFile; fileRef = 80BE086B169C1DBB00AC4A8F /* JSONKit.m */; };
		80BE0878169C204A00AC4A8F /* libGeoloqi-Debug.a in Frameworks */ = {isa = PBXBuildFile; fileRef = 80BE0872169C204A00AC4A8F /* libGeoloqi-Debug.a */; };
		80BE0879169C204A00AC4A8F /* libGeoloqi-Release.a in Frameworks */ = {isa = PBXBuildFile; fileRef = 80BE0873169C204A00AC4A8F /* libGeoloqi-Release.a */; };
		80BE087B169C22CE00AC4A8F /* libsqlite3.dylib in Frameworks */ = {isa = PBXBuildFile; fileRef = 80BE087A169C22CE00AC4A8F /* libsqlite3.dylib */; };
		80BE087D169C22D700AC4A8F /* CoreLocation.framework in Frameworks */ = {isa = PBXBuildFile; fileRef = 80BE087C169C22D700AC4A8F /* CoreLocation.framework */; };
		80BE087F169C294300AC4A8F /* MessageUI.framework in Frameworks */ = {isa = PBXBuildFile; fileRef = 80BE087E169C294300AC4A8F /* MessageUI.framework */; };
/* End PBXBuildFile section */

/* Begin PBXFileReference section */
		2C014BDE169F055B00D07196 /* LQJSONRequestOperation.h */ = {isa = PBXFileReference; fileEncoding = 4; lastKnownFileType = sourcecode.c.h; path = LQJSONRequestOperation.h; sourceTree = "<group>"; };
		2C014BDF169F055B00D07196 /* LQSDKUtils.h */ = {isa = PBXFileReference; fileEncoding = 4; lastKnownFileType = sourcecode.c.h; path = LQSDKUtils.h; sourceTree = "<group>"; };
		2C014BE1169F066C00D07196 /* NSString+URLEncoding.m */ = {isa = PBXFileReference; fileEncoding = 4; lastKnownFileType = sourcecode.c.objc; name = "NSString+URLEncoding.m"; path = "GeoloqiSDK_Utility/NSString+URLEncoding.m"; sourceTree = "<group>"; };
		2C014BE2169F066C00D07196 /* LOLDatabase.h */ = {isa = PBXFileReference; fileEncoding = 4; lastKnownFileType = sourcecode.c.h; name = LOLDatabase.h; path = GeoloqiSDK_Utility/LOLDatabase.h; sourceTree = "<group>"; };
		2C014BE3169F066C00D07196 /* NSString+URLEncoding.h */ = {isa = PBXFileReference; fileEncoding = 4; lastKnownFileType = sourcecode.c.h; name = "NSString+URLEncoding.h"; path = "GeoloqiSDK_Utility/NSString+URLEncoding.h"; sourceTree = "<group>"; };
		2C014BE6169F116D00D07196 /* libsqlite3.0.dylib */ = {isa = PBXFileReference; lastKnownFileType = "compiled.mach-o.dylib"; name = libsqlite3.0.dylib; path = usr/lib/libsqlite3.0.dylib; sourceTree = SDKROOT; };
		802CAE44169DC7F7008719F9 /* SampleCode.h */ = {isa = PBXFileReference; fileEncoding = 4; lastKnownFileType = sourcecode.c.h; name = SampleCode.h; path = ../GeoloqiSDK/SampleCode.h; sourceTree = "<group>"; };
		802CAE45169DC7F7008719F9 /* SampleCode.m */ = {isa = PBXFileReference; fileEncoding = 4; lastKnownFileType = sourcecode.c.objc; name = SampleCode.m; path = ../GeoloqiSDK/SampleCode.m; sourceTree = "<group>"; };
		802CAE5C169EC764008719F9 /* iPhoneIcon_Small_57.png */ = {isa = PBXFileReference; lastKnownFileType = image.png; path = iPhoneIcon_Small_57.png; sourceTree = "<group>"; };
		802CAE5E169EC769008719F9 /* iPhoneIcon_Big_114.png */ = {isa = PBXFileReference; lastKnownFileType = image.png; path = iPhoneIcon_Big_114.png; sourceTree = "<group>"; };
		802CAE69169ECA92008719F9 /* CoreFoundation.framework */ = {isa = PBXFileReference; lastKnownFileType = wrapper.framework; name = CoreFoundation.framework; path = System/Library/Frameworks/CoreFoundation.framework; sourceTree = SDKROOT; };
		802CAE77169ED5EC008719F9 /* LQActivityManager.h */ = {isa = PBXFileReference; fileEncoding = 4; lastKnownFileType = sourcecode.c.h; name = LQActivityManager.h; path = GourmetPocket/LQActivityManager.h; sourceTree = "<group>"; };
		802CAE78169ED5EC008719F9 /* LQActivityManager.m */ = {isa = PBXFileReference; fileEncoding = 4; lastKnownFileType = sourcecode.c.objc; name = LQActivityManager.m; path = GourmetPocket/LQActivityManager.m; sourceTree = "<group>"; };
		802CAE79169ED5EC008719F9 /* LQGeonoteManager.h */ = {isa = PBXFileReference; fileEncoding = 4; lastKnownFileType = sourcecode.c.h; name = LQGeonoteManager.h; path = GourmetPocket/LQGeonoteManager.h; sourceTree = "<group>"; };
		802CAE7A169ED5EC008719F9 /* LQGeonoteManager.m */ = {isa = PBXFileReference; fileEncoding = 4; lastKnownFileType = sourcecode.c.objc; name = LQGeonoteManager.m; path = GourmetPocket/LQGeonoteManager.m; sourceTree = "<group>"; };
		802CAE7B169ED5EC008719F9 /* LQLayerManager.h */ = {isa = PBXFileReference; fileEncoding = 4; lastKnownFileType = sourcecode.c.h; name = LQLayerManager.h; path = GourmetPocket/LQLayerManager.h; sourceTree = "<group>"; };
		802CAE7C169ED5EC008719F9 /* LQLayerManager.m */ = {isa = PBXFileReference; fileEncoding = 4; lastKnownFileType = sourcecode.c.objc; name = LQLayerManager.m; path = GourmetPocket/LQLayerManager.m; sourceTree = "<group>"; };
		80BE0827169C10AA00AC4A8F /* GourmetPocket.app */ = {isa = PBXFileReference; explicitFileType = wrapper.application; includeInIndex = 0; path = GourmetPocket.app; sourceTree = BUILT_PRODUCTS_DIR; };
		80BE082B169C10AA00AC4A8F /* UIKit.framework */ = {isa = PBXFileReference; lastKnownFileType = wrapper.framework; name = UIKit.framework; path = System/Library/Frameworks/UIKit.framework; sourceTree = SDKROOT; };
		80BE082D169C10AA00AC4A8F /* Foundation.framework */ = {isa = PBXFileReference; lastKnownFileType = wrapper.framework; name = Foundation.framework; path = System/Library/Frameworks/Foundation.framework; sourceTree = SDKROOT; };
		80BE082F169C10AA00AC4A8F /* CoreGraphics.framework */ = {isa = PBXFileReference; lastKnownFileType = wrapper.framework; name = CoreGraphics.framework; path = System/Library/Frameworks/CoreGraphics.framework; sourceTree = SDKROOT; };
		80BE0833169C10AA00AC4A8F /* GourmetPocket-Info.plist */ = {isa = PBXFileReference; lastKnownFileType = text.plist.xml; path = "GourmetPocket-Info.plist"; sourceTree = "<group>"; };
		80BE0835169C10AA00AC4A8F /* en */ = {isa = PBXFileReference; lastKnownFileType = text.plist.strings; name = en; path = en.lproj/InfoPlist.strings; sourceTree = "<group>"; };
		80BE0837169C10AA00AC4A8F /* main.m */ = {isa = PBXFileReference; lastKnownFileType = sourcecode.c.objc; path = main.m; sourceTree = "<group>"; };
		80BE0839169C10AA00AC4A8F /* GourmetPocket-Prefix.pch */ = {isa = PBXFileReference; lastKnownFileType = sourcecode.c.h; path = "GourmetPocket-Prefix.pch"; sourceTree = "<group>"; };
		80BE083A169C10AA00AC4A8F /* AppDelegate.h */ = {isa = PBXFileReference; lastKnownFileType = sourcecode.c.h; path = AppDelegate.h; sourceTree = "<group>"; };
		80BE083B169C10AA00AC4A8F /* AppDelegate.m */ = {isa = PBXFileReference; lastKnownFileType = sourcecode.c.objc; path = AppDelegate.m; sourceTree = "<group>"; };
		80BE083D169C10AA00AC4A8F /* Default.png */ = {isa = PBXFileReference; lastKnownFileType = image.png; path = Default.png; sourceTree = "<group>"; };
		80BE083F169C10AA00AC4A8F /* Default@2x.png */ = {isa = PBXFileReference; lastKnownFileType = image.png; path = "Default@2x.png"; sourceTree = "<group>"; };
		80BE0841169C10AA00AC4A8F /* Default-568h@2x.png */ = {isa = PBXFileReference; lastKnownFileType = image.png; path = "Default-568h@2x.png"; sourceTree = "<group>"; };
		80BE0843169C10AA00AC4A8F /* ViewController.h */ = {isa = PBXFileReference; lastKnownFileType = sourcecode.c.h; path = ViewController.h; sourceTree = "<group>"; };
		80BE0844169C10AA00AC4A8F /* ViewController.m */ = {isa = PBXFileReference; lastKnownFileType = sourcecode.c.objc; path = ViewController.m; sourceTree = "<group>"; };
		80BE0847169C10AA00AC4A8F /* en */ = {isa = PBXFileReference; lastKnownFileType = file.xib; name = en; path = en.lproj/ViewController.xib; sourceTree = "<group>"; };
		80BE0859169C146400AC4A8F /* GourmetPocket_splash.png */ = {isa = PBXFileReference; lastKnownFileType = image.png; path = GourmetPocket_splash.png; sourceTree = "<group>"; };
		80BE085B169C148400AC4A8F /* Default@2x.png */ = {isa = PBXFileReference; lastKnownFileType = image.png; path = "Default@2x.png"; sourceTree = "<group>"; };
		80BE085D169C149100AC4A8F /* Default.png */ = {isa = PBXFileReference; lastKnownFileType = image.png; path = Default.png; sourceTree = "<group>"; };
		80BE0867169C1D9500AC4A8F /* LQConfig.h */ = {isa = PBXFileReference; fileEncoding = 4; lastKnownFileType = sourcecode.c.h; path = LQConfig.h; sourceTree = "<group>"; };
		80BE086A169C1DBB00AC4A8F /* JSONKit.h */ = {isa = PBXFileReference; fileEncoding = 4; lastKnownFileType = sourcecode.c.h; path = JSONKit.h; sourceTree = "<group>"; };
		80BE086B169C1DBB00AC4A8F /* JSONKit.m */ = {isa = PBXFileReference; fileEncoding = 4; lastKnownFileType = sourcecode.c.objc; path = JSONKit.m; sourceTree = "<group>"; };
		80BE0871169C204A00AC4A8F /* Geoloqi.h */ = {isa = PBXFileReference; fileEncoding = 4; lastKnownFileType = sourcecode.c.h; path = Geoloqi.h; sourceTree = "<group>"; };
		80BE0872169C204A00AC4A8F /* libGeoloqi-Debug.a */ = {isa = PBXFileReference; lastKnownFileType = archive.ar; path = "libGeoloqi-Debug.a"; sourceTree = "<group>"; };
		80BE0873169C204A00AC4A8F /* libGeoloqi-Release.a */ = {isa = PBXFileReference; lastKnownFileType = archive.ar; path = "libGeoloqi-Release.a"; sourceTree = "<group>"; };
		80BE0874169C204A00AC4A8F /* LQError.h */ = {isa = PBXFileReference; fileEncoding = 4; lastKnownFileType = sourcecode.c.h; path = LQError.h; sourceTree = "<group>"; };
		80BE0875169C204A00AC4A8F /* LQSDKVersion.h */ = {isa = PBXFileReference; fileEncoding = 4; lastKnownFileType = sourcecode.c.h; path = LQSDKVersion.h; sourceTree = "<group>"; };
		80BE0876169C204A00AC4A8F /* LQSession.h */ = {isa = PBXFileReference; fileEncoding = 4; lastKnownFileType = sourcecode.c.h; path = LQSession.h; sourceTree = "<group>"; };
		80BE0877169C204A00AC4A8F /* LQTracker.h */ = {isa = PBXFileReference; fileEncoding = 4; lastKnownFileType = sourcecode.c.h; path = LQTracker.h; sourceTree = "<group>"; };
		80BE087A169C22CE00AC4A8F /* libsqlite3.dylib */ = {isa = PBXFileReference; lastKnownFileType = "compiled.mach-o.dylib"; name = libsqlite3.dylib; path = usr/lib/libsqlite3.dylib; sourceTree = SDKROOT; };
		80BE087C169C22D700AC4A8F /* CoreLocation.framework */ = {isa = PBXFileReference; lastKnownFileType = wrapper.framework; name = CoreLocation.framework; path = System/Library/Frameworks/CoreLocation.framework; sourceTree = SDKROOT; };
		80BE087E169C294300AC4A8F /* MessageUI.framework */ = {isa = PBXFileReference; lastKnownFileType = wrapper.framework; name = MessageUI.framework; path = System/Library/Frameworks/MessageUI.framework; sourceTree = SDKROOT; };
/* End PBXFileReference section */

/* Begin PBXFrameworksBuildPhase section */
		80BE0824169C10AA00AC4A8F /* Frameworks */ = {
			isa = PBXFrameworksBuildPhase;
			buildActionMask = 2147483647;
			files = (
				802CAE6A169ECA92008719F9 /* CoreFoundation.framework in Frameworks */,
				80BE087F169C294300AC4A8F /* MessageUI.framework in Frameworks */,
				80BE087D169C22D700AC4A8F /* CoreLocation.framework in Frameworks */,
				80BE087B169C22CE00AC4A8F /* libsqlite3.dylib in Frameworks */,
				2C014BE7169F116D00D07196 /* libsqlite3.0.dylib in Frameworks */,
				80BE082C169C10AA00AC4A8F /* UIKit.framework in Frameworks */,
				80BE082E169C10AA00AC4A8F /* Foundation.framework in Frameworks */,
				80BE0830169C10AA00AC4A8F /* CoreGraphics.framework in Frameworks */,
				80BE0878169C204A00AC4A8F /* libGeoloqi-Debug.a in Frameworks */,
				80BE0879169C204A00AC4A8F /* libGeoloqi-Release.a in Frameworks */,
			);
			runOnlyForDeploymentPostprocessing = 0;
		};
/* End PBXFrameworksBuildPhase section */

/* Begin PBXGroup section */
		2C014BE0169F062600D07196 /* GeoloqiSDK_Utility */ = {
			isa = PBXGroup;
			children = (
				2C014BE1169F066C00D07196 /* NSString+URLEncoding.m */,
				2C014BE2169F066C00D07196 /* LOLDatabase.h */,
				2C014BE3169F066C00D07196 /* NSString+URLEncoding.h */,
			);
			name = GeoloqiSDK_Utility;
			sourceTree = "<group>";
		};
		2C014BE5169F093C00D07196 /* GeoloqiSDK_APIManagers */ = {
			isa = PBXGroup;
			children = (
				802CAE77169ED5EC008719F9 /* LQActivityManager.h */,
				802CAE78169ED5EC008719F9 /* LQActivityManager.m */,
				802CAE79169ED5EC008719F9 /* LQGeonoteManager.h */,
				802CAE7A169ED5EC008719F9 /* LQGeonoteManager.m */,
				802CAE7B169ED5EC008719F9 /* LQLayerManager.h */,
				802CAE7C169ED5EC008719F9 /* LQLayerManager.m */,
			);
			name = GeoloqiSDK_APIManagers;
			sourceTree = "<group>";
		};
		80BE081C169C10AA00AC4A8F = {
			isa = PBXGroup;
			children = (
				2C014BE6169F116D00D07196 /* libsqlite3.0.dylib */,
				802CAE69169ECA92008719F9 /* CoreFoundation.framework */,
				80BE087E169C294300AC4A8F /* MessageUI.framework */,
				80BE087C169C22D700AC4A8F /* CoreLocation.framework */,
				80BE087A169C22CE00AC4A8F /* libsqlite3.dylib */,
				80BE085D169C149100AC4A8F /* Default.png */,
				80BE085B169C148400AC4A8F /* Default@2x.png */,
				80BE084E169C13A200AC4A8F /* icons and image */,
				80BE0831169C10AA00AC4A8F /* GourmetPocket */,
				80BE0870169C204A00AC4A8F /* GeoloqiSDK */,
				2C014BE5169F093C00D07196 /* GeoloqiSDK_APIManagers */,
				2C014BE0169F062600D07196 /* GeoloqiSDK_Utility */,
				80BE082A169C10AA00AC4A8F /* Frameworks */,
				80BE0828169C10AA00AC4A8F /* Products */,
			);
			sourceTree = "<group>";
		};
		80BE0828169C10AA00AC4A8F /* Products */ = {
			isa = PBXGroup;
			children = (
				80BE0827169C10AA00AC4A8F /* GourmetPocket.app */,
			);
			name = Products;
			sourceTree = "<group>";
		};
		80BE082A169C10AA00AC4A8F /* Frameworks */ = {
			isa = PBXGroup;
			children = (
				80BE082B169C10AA00AC4A8F /* UIKit.framework */,
				80BE082D169C10AA00AC4A8F /* Foundation.framework */,
				80BE082F169C10AA00AC4A8F /* CoreGraphics.framework */,
			);
			name = Frameworks;
			sourceTree = "<group>";
		};
		80BE0831169C10AA00AC4A8F /* GourmetPocket */ = {
			isa = PBXGroup;
			children = (
				80BE0868169C1DBB00AC4A8F /* JSONKit */,
				80BE0867169C1D9500AC4A8F /* LQConfig.h */,
				80BE083A169C10AA00AC4A8F /* AppDelegate.h */,
				80BE083B169C10AA00AC4A8F /* AppDelegate.m */,
				80BE0843169C10AA00AC4A8F /* ViewController.h */,
				80BE0844169C10AA00AC4A8F /* ViewController.m */,
				80BE0846169C10AA00AC4A8F /* ViewController.xib */,
				802CAE44169DC7F7008719F9 /* SampleCode.h */,
				802CAE45169DC7F7008719F9 /* SampleCode.m */,
				80BE0832169C10AA00AC4A8F /* Supporting Files */,
			);
			path = GourmetPocket;
			sourceTree = "<group>";
		};
		80BE0832169C10AA00AC4A8F /* Supporting Files */ = {
			isa = PBXGroup;
			children = (
				80BE0833169C10AA00AC4A8F /* GourmetPocket-Info.plist */,
				80BE0834169C10AA00AC4A8F /* InfoPlist.strings */,
				80BE0837169C10AA00AC4A8F /* main.m */,
				80BE0839169C10AA00AC4A8F /* GourmetPocket-Prefix.pch */,
				80BE083D169C10AA00AC4A8F /* Default.png */,
				80BE083F169C10AA00AC4A8F /* Default@2x.png */,
				80BE0841169C10AA00AC4A8F /* Default-568h@2x.png */,
			);
			name = "Supporting Files";
			sourceTree = "<group>";
		};
		80BE084E169C13A200AC4A8F /* icons and image */ = {
			isa = PBXGroup;
			children = (
				802CAE5E169EC769008719F9 /* iPhoneIcon_Big_114.png */,
				802CAE5C169EC764008719F9 /* iPhoneIcon_Small_57.png */,
				80BE0859169C146400AC4A8F /* GourmetPocket_splash.png */,
			);
			name = "icons and image";
			sourceTree = "<group>";
		};
		80BE0868169C1DBB00AC4A8F /* JSONKit */ = {
			isa = PBXGroup;
			children = (
				80BE086A169C1DBB00AC4A8F /* JSONKit.h */,
				80BE086B169C1DBB00AC4A8F /* JSONKit.m */,
			);
			path = JSONKit;
			sourceTree = "<group>";
		};
		80BE0870169C204A00AC4A8F /* GeoloqiSDK */ = {
			isa = PBXGroup;
			children = (
				2C014BDE169F055B00D07196 /* LQJSONRequestOperation.h */,
				2C014BDF169F055B00D07196 /* LQSDKUtils.h */,
				80BE0871169C204A00AC4A8F /* Geoloqi.h */,
				80BE0872169C204A00AC4A8F /* libGeoloqi-Debug.a */,
				80BE0873169C204A00AC4A8F /* libGeoloqi-Release.a */,
				80BE0874169C204A00AC4A8F /* LQError.h */,
				80BE0875169C204A00AC4A8F /* LQSDKVersion.h */,
				80BE0876169C204A00AC4A8F /* LQSession.h */,
				80BE0877169C204A00AC4A8F /* LQTracker.h */,
			);
			path = GeoloqiSDK;
			sourceTree = "<group>";
		};
/* End PBXGroup section */

/* Begin PBXNativeTarget section */
		80BE0826169C10AA00AC4A8F /* GourmetPocket */ = {
			isa = PBXNativeTarget;
			buildConfigurationList = 80BE084B169C10AA00AC4A8F /* Build configuration list for PBXNativeTarget "GourmetPocket" */;
			buildPhases = (
				80BE0823169C10AA00AC4A8F /* Sources */,
				80BE0824169C10AA00AC4A8F /* Frameworks */,
				80BE0825169C10AA00AC4A8F /* Resources */,
			);
			buildRules = (
			);
			dependencies = (
			);
			name = GourmetPocket;
			productName = GourmetPocket;
			productReference = 80BE0827169C10AA00AC4A8F /* GourmetPocket.app */;
			productType = "com.apple.product-type.application";
		};
/* End PBXNativeTarget section */

/* Begin PBXProject section */
		80BE081E169C10AA00AC4A8F /* Project object */ = {
			isa = PBXProject;
			attributes = {
				LastUpgradeCheck = 0450;
				ORGANIZATIONNAME = Bobie;
			};
			buildConfigurationList = 80BE0821169C10AA00AC4A8F /* Build configuration list for PBXProject "GourmetPocket" */;
			compatibilityVersion = "Xcode 3.2";
			developmentRegion = English;
			hasScannedForEncodings = 0;
			knownRegions = (
				en,
			);
			mainGroup = 80BE081C169C10AA00AC4A8F;
			productRefGroup = 80BE0828169C10AA00AC4A8F /* Products */;
			projectDirPath = "";
			projectRoot = "";
			targets = (
				80BE0826169C10AA00AC4A8F /* GourmetPocket */,
			);
		};
/* End PBXProject section */

/* Begin PBXResourcesBuildPhase section */
		80BE0825169C10AA00AC4A8F /* Resources */ = {
			isa = PBXResourcesBuildPhase;
			buildActionMask = 2147483647;
			files = (
				80BE0836169C10AA00AC4A8F /* InfoPlist.strings in Resources */,
				80BE083E169C10AA00AC4A8F /* Default.png in Resources */,
				80BE0840169C10AA00AC4A8F /* Default@2x.png in Resources */,
				80BE0842169C10AA00AC4A8F /* Default-568h@2x.png in Resources */,
				80BE0848169C10AA00AC4A8F /* ViewController.xib in Resources */,
				80BE085A169C146400AC4A8F /* GourmetPocket_splash.png in Resources */,
				80BE085C169C148400AC4A8F /* Default@2x.png in Resources */,
				80BE085E169C149100AC4A8F /* Default.png in Resources */,
				802CAE5D169EC764008719F9 /* iPhoneIcon_Small_57.png in Resources */,
				802CAE5F169EC769008719F9 /* iPhoneIcon_Big_114.png in Resources */,
			);
			runOnlyForDeploymentPostprocessing = 0;
		};
/* End PBXResourcesBuildPhase section */

/* Begin PBXSourcesBuildPhase section */
		80BE0823169C10AA00AC4A8F /* Sources */ = {
			isa = PBXSourcesBuildPhase;
			buildActionMask = 2147483647;
			files = (
				80BE0838169C10AA00AC4A8F /* main.m in Sources */,
				80BE083C169C10AA00AC4A8F /* AppDelegate.m in Sources */,
				80BE0845169C10AA00AC4A8F /* ViewController.m in Sources */,
				80BE086E169C1DBB00AC4A8F /* JSONKit.m in Sources */,
				802CAE46169DC7F7008719F9 /* SampleCode.m in Sources */,
				802CAE7D169ED5EC008719F9 /* LQActivityManager.m in Sources */,
				802CAE7E169ED5EC008719F9 /* LQGeonoteManager.m in Sources */,
				802CAE7F169ED5EC008719F9 /* LQLayerManager.m in Sources */,
				2C014BE4169F066C00D07196 /* NSString+URLEncoding.m in Sources */,
			);
			runOnlyForDeploymentPostprocessing = 0;
		};
/* End PBXSourcesBuildPhase section */

/* Begin PBXVariantGroup section */
		80BE0834169C10AA00AC4A8F /* InfoPlist.strings */ = {
			isa = PBXVariantGroup;
			children = (
				80BE0835169C10AA00AC4A8F /* en */,
			);
			name = InfoPlist.strings;
			sourceTree = "<group>";
		};
		80BE0846169C10AA00AC4A8F /* ViewController.xib */ = {
			isa = PBXVariantGroup;
			children = (
				80BE0847169C10AA00AC4A8F /* en */,
			);
			name = ViewController.xib;
			sourceTree = "<group>";
		};
/* End PBXVariantGroup section */

/* Begin XCBuildConfiguration section */
		80BE0849169C10AA00AC4A8F /* Debug */ = {
			isa = XCBuildConfiguration;
			buildSettings = {
				ALWAYS_SEARCH_USER_PATHS = NO;
				CLANG_CXX_LANGUAGE_STANDARD = "gnu++0x";
				CLANG_CXX_LIBRARY = "libc++";
				CLANG_WARN_EMPTY_BODY = YES;
				CLANG_WARN__DUPLICATE_METHOD_MATCH = YES;
				CODE_SIGN_IDENTITY = "iPhone Developer: Bobie Chen (68S77NE7R9)";
				"CODE_SIGN_IDENTITY[sdk=iphoneos*]" = "iPhone Developer: Bobie Chen (68S77NE7R9)";
				COPY_PHASE_STRIP = NO;
				GCC_C_LANGUAGE_STANDARD = gnu99;
				GCC_DYNAMIC_NO_PIC = NO;
				GCC_OPTIMIZATION_LEVEL = 0;
				GCC_PREPROCESSOR_DEFINITIONS = (
					"DEBUG=1",
					"$(inherited)",
				);
				GCC_SYMBOLS_PRIVATE_EXTERN = NO;
				GCC_WARN_ABOUT_RETURN_TYPE = YES;
				GCC_WARN_UNINITIALIZED_AUTOS = YES;
				GCC_WARN_UNUSED_VARIABLE = YES;
				IPHONEOS_DEPLOYMENT_TARGET = 5.0;
				LIBRARY_SEARCH_PATHS = "";
				ONLY_ACTIVE_ARCH = YES;
				PROVISIONING_PROFILE = "47862814-D701-4C7F-A22A-32FE21DA1165";
				"PROVISIONING_PROFILE[sdk=iphoneos*]" = "47862814-D701-4C7F-A22A-32FE21DA1165";
				SDKROOT = iphoneos;
				VALIDATE_PRODUCT = YES;
			};
			name = Debug;
		};
		80BE084A169C10AA00AC4A8F /* Release */ = {
			isa = XCBuildConfiguration;
			buildSettings = {
				ALWAYS_SEARCH_USER_PATHS = NO;
				CLANG_CXX_LANGUAGE_STANDARD = "gnu++0x";
				CLANG_CXX_LIBRARY = "libc++";
				CLANG_WARN_EMPTY_BODY = YES;
				CLANG_WARN__DUPLICATE_METHOD_MATCH = YES;
				CODE_SIGN_IDENTITY = "iPhone Developer: Bobie Chen (68S77NE7R9)";
				"CODE_SIGN_IDENTITY[sdk=iphoneos*]" = "iPhone Developer: Bobie Chen (68S77NE7R9)";
				COPY_PHASE_STRIP = YES;
				GCC_C_LANGUAGE_STANDARD = gnu99;
				GCC_WARN_ABOUT_RETURN_TYPE = YES;
				GCC_WARN_UNINITIALIZED_AUTOS = YES;
				GCC_WARN_UNUSED_VARIABLE = YES;
				IPHONEOS_DEPLOYMENT_TARGET = 5.0;
				LIBRARY_SEARCH_PATHS = "";
				ONLY_ACTIVE_ARCH = YES;
				OTHER_CFLAGS = "-DNS_BLOCK_ASSERTIONS=1";
				PROVISIONING_PROFILE = "47862814-D701-4C7F-A22A-32FE21DA1165";
				"PROVISIONING_PROFILE[sdk=iphoneos*]" = "47862814-D701-4C7F-A22A-32FE21DA1165";
				SDKROOT = iphoneos;
				VALIDATE_PRODUCT = YES;
			};
			name = Release;
		};
		80BE084C169C10AA00AC4A8F /* Debug */ = {
			isa = XCBuildConfiguration;
			buildSettings = {
				GCC_PRECOMPILE_PREFIX_HEADER = YES;
				GCC_PREFIX_HEADER = "GourmetPocket/GourmetPocket-Prefix.pch";
				INFOPLIST_FILE = "GourmetPocket/GourmetPocket-Info.plist";
				LIBRARY_SEARCH_PATHS = (
					"$(inherited)",
					"\"$(SRCROOT)/GeoloqiSDK\"",
					"\"$(SRCROOT)/GeoloqiSDK_APIManagers\"",
					"\"$(SRCROOT)/GeoloqiSDK_Utility\"",
				);
				PRODUCT_NAME = "$(TARGET_NAME)";
				WRAPPER_EXTENSION = app;
			};
			name = Debug;
		};
		80BE084D169C10AA00AC4A8F /* Release */ = {
			isa = XCBuildConfiguration;
			buildSettings = {
				GCC_PRECOMPILE_PREFIX_HEADER = YES;
				GCC_PREFIX_HEADER = "GourmetPocket/GourmetPocket-Prefix.pch";
				INFOPLIST_FILE = "GourmetPocket/GourmetPocket-Info.plist";
				LIBRARY_SEARCH_PATHS = (
					"$(inherited)",
					"\"$(SRCROOT)/GeoloqiSDK\"",
					"\"$(SRCROOT/GeoloqiSDK_Utility\"\"",
				);
				PRODUCT_NAME = "$(TARGET_NAME)";
				WRAPPER_EXTENSION = app;
			};
			name = Release;
		};
/* End XCBuildConfiguration section */

/* Begin XCConfigurationList section */
		80BE0821169C10AA00AC4A8F /* Build configuration list for PBXProject "GourmetPocket" */ = {
			isa = XCConfigurationList;
			buildConfigurations = (
				80BE0849169C10AA00AC4A8F /* Debug */,
				80BE084A169C10AA00AC4A8F /* Release */,
			);
			defaultConfigurationIsVisible = 0;
			defaultConfigurationName = Release;
		};
		80BE084B169C10AA00AC4A8F /* Build configuration list for PBXNativeTarget "GourmetPocket" */ = {
			isa = XCConfigurationList;
			buildConfigurations = (
				80BE084C169C10AA00AC4A8F /* Debug */,
				80BE084D169C10AA00AC4A8F /* Release */,
			);
			defaultConfigurationIsVisible = 0;
			defaultConfigurationName = Release;
		};
/* End XCConfigurationList section */
	};
	rootObject = 80BE081E169C10AA00AC4A8F /* Project object */;
}
